
Microsoft Visual Studio Solution File, Format Version 12.00
# Visual Studio 15
VisualStudioVersion = 15.0.28307.168
MinimumVisualStudioVersion = 10.0.40219.1
Project("{8BC9CEB8-8B4A-11D0-8D11-00A0C91BC942}") = "Oberon0c", "Oberon0c.vcxproj", "{84C79770-886A-4AA6-A035-661ACE8BE1D1}"
EndProject
Global
	GlobalSection(SolutionConfigurationPlatforms) = preSolution
		Debug|x64 = Debug|x64
		Debug|x86 = Debug|x86
		Release|x64 = Release|x64
		Release|x86 = Release|x86
	EndGlobalSection
	GlobalSection(ProjectConfigurationPlatforms) = postSolution
		{84C79770-886A-4AA6-A035-661ACE8BE1D1}.Debug|x64.ActiveCfg = Debug|x64
		{84C79770-886A-4AA6-A035-661ACE8BE1D1}.Debug|x64.Build.0 = Debug|x64
		{84C79770-886A-4AA6-A035-661ACE8BE1D1}.Debug|x86.ActiveCfg = Debug|Win32
		{84C79770-886A-4AA6-A035-661ACE8BE1D1}.Debug|x86.Build.0 = Debug|Win32
		{84C79770-886A-4AA6-A035-661ACE8BE1D1}.Release|x64.ActiveCfg = Release|x64
		{84C79770-886A-4AA6-A035-661ACE8BE1D1}.Release|x64.Build.0 = Release|x64
		{84C79770-886A-4AA6-A035-661ACE8BE1D1}.Release|x86.ActiveCfg = Release|Win32
		{84C79770-886A-4AA6-A035-661ACE8BE1D1}.Release|x86.Build.0 = Release|Win32
	EndGlobalSection
	GlobalSection(SolutionProperties) = preSolution
		HideSolutionNode = FALSE
	EndGlobalSection
	GlobalSection(ExtensibilityGlobals) = postSolution
		SolutionGuid = {008E9CCA-A87D-4F90-88E7-EDED90F60598}
	EndGlobalSection
EndGlobal
